
Microsoft Visual Studio Solution File, Format Version 12.00
# Visual Studio 15
VisualStudioVersion = 15.0.28307.1062
MinimumVisualStudioVersion = 10.0.40219.1
Project("{FAE04EC0-301F-11D3-BF4B-00C04F79EFBC}") = "SensorCalibrationApp", "SensorCalibrationApp\SensorCalibrationApp.csproj", "{BC6B72EC-882F-4EE3-900C-8C1336E7F42C}"
EndProject
Project("{9A19103F-16F7-4668-BE54-9A1E7A4F7556}") = "SensorCalibrationApp.Domain", "SensorCalibrationApp.Domain\SensorCalibrationApp.Domain.csproj", "{EA9578EF-622D-485A-B4F7-AD06A4C508A8}"
EndProject
Project("{9A19103F-16F7-4668-BE54-9A1E7A4F7556}") = "RimacLINBusInterfacesLib", "RimacLINBusInterfacesLib\RimacLINBusInterfacesLib.csproj", "{06991A17-5D69-4696-ADD0-D04648094E28}"
EndProject
Project("{9A19103F-16F7-4668-BE54-9A1E7A4F7556}") = "SensorCalibrationApp.FileDb", "SensorCalibrationApp.FileDb\SensorCalibrationApp.FileDb.csproj", "{40A673EB-FC58-422A-9D3B-ECCC88A598C0}"
EndProject
Project("{FAE04EC0-301F-11D3-BF4B-00C04F79EFBC}") = "SensorCalibrationApp.Common", "SensorCalibrationApp.Common\SensorCalibrationApp.Common.csproj", "{CEFAF316-6D1D-456D-891C-DAECA9399495}"
EndProject
Global
	GlobalSection(SolutionConfigurationPlatforms) = preSolution
		Debug|Any CPU = Debug|Any CPU
		Release|Any CPU = Release|Any CPU
	EndGlobalSection
	GlobalSection(ProjectConfigurationPlatforms) = postSolution
		{BC6B72EC-882F-4EE3-900C-8C1336E7F42C}.Debug|Any CPU.ActiveCfg = Debug|Any CPU
		{BC6B72EC-882F-4EE3-900C-8C1336E7F42C}.Debug|Any CPU.Build.0 = Debug|Any CPU
		{BC6B72EC-882F-4EE3-900C-8C1336E7F42C}.Release|Any CPU.ActiveCfg = Release|Any CPU
		{BC6B72EC-882F-4EE3-900C-8C1336E7F42C}.Release|Any CPU.Build.0 = Release|Any CPU
		{EA9578EF-622D-485A-B4F7-AD06A4C508A8}.Debug|Any CPU.ActiveCfg = Debug|Any CPU
		{EA9578EF-622D-485A-B4F7-AD06A4C508A8}.Debug|Any CPU.Build.0 = Debug|Any CPU
		{EA9578EF-622D-485A-B4F7-AD06A4C508A8}.Release|Any CPU.ActiveCfg = Release|Any CPU
		{EA9578EF-622D-485A-B4F7-AD06A4C508A8}.Release|Any CPU.Build.0 = Release|Any CPU
		{06991A17-5D69-4696-ADD0-D04648094E28}.Debug|Any CPU.ActiveCfg = Debug|Any CPU
		{06991A17-5D69-4696-ADD0-D04648094E28}.Debug|Any CPU.Build.0 = Debug|Any CPU
		{06991A17-5D69-4696-ADD0-D04648094E28}.Release|Any CPU.ActiveCfg = Release|Any CPU
		{06991A17-5D69-4696-ADD0-D04648094E28}.Release|Any CPU.Build.0 = Release|Any CPU
		{40A673EB-FC58-422A-9D3B-ECCC88A598C0}.Debug|Any CPU.ActiveCfg = Debug|Any CPU
		{40A673EB-FC58-422A-9D3B-ECCC88A598C0}.Debug|Any CPU.Build.0 = Debug|Any CPU
		{40A673EB-FC58-422A-9D3B-ECCC88A598C0}.Release|Any CPU.ActiveCfg = Release|Any CPU
		{40A673EB-FC58-422A-9D3B-ECCC88A598C0}.Release|Any CPU.Build.0 = Release|Any CPU
		{CEFAF316-6D1D-456D-891C-DAECA9399495}.Debug|Any CPU.ActiveCfg = Debug|Any CPU
		{CEFAF316-6D1D-456D-891C-DAECA9399495}.Debug|Any CPU.Build.0 = Debug|Any CPU
		{CEFAF316-6D1D-456D-891C-DAECA9399495}.Release|Any CPU.ActiveCfg = Release|Any CPU
		{CEFAF316-6D1D-456D-891C-DAECA9399495}.Release|Any CPU.Build.0 = Release|Any CPU
	EndGlobalSection
	GlobalSection(SolutionProperties) = preSolution
		HideSolutionNode = FALSE
	EndGlobalSection
	GlobalSection(ExtensibilityGlobals) = postSolution
		SolutionGuid = {C6B8E3AD-714B-4B08-99FD-84013039C68D}
	EndGlobalSection
EndGlobal
